// !$*UTF8*$!
{
	archiveVersion = 1;
	classes = {
	};
	objectVersion = 55;
	objects = {

/* Begin PBXBuildFile section */
		991DF57B2818E49B00FA4A08 /* Main.storyboard in Resources */ = {isa = PBXBuildFile; fileRef = 991DF5792818E49B00FA4A08 /* Main.storyboard */; };
		991DF57D2818E4A000FA4A08 /* Assets.xcassets in Resources */ = {isa = PBXBuildFile; fileRef = 991DF57C2818E4A000FA4A08 /* Assets.xcassets */; };
		991DF5802818E4A000FA4A08 /* LaunchScreen.storyboard in Resources */ = {isa = PBXBuildFile; fileRef = 991DF57E2818E4A000FA4A08 /* LaunchScreen.storyboard */; };
		991DF5832818E4A000FA4A08 /* main.m in Sources */ = {isa = PBXBuildFile; fileRef = 991DF5822818E4A000FA4A08 /* main.m */; };
		991DF58E2818E86300FA4A08 /* ViewController.m in Sources */ = {isa = PBXBuildFile; fileRef = 991DF58B2818E86300FA4A08 /* ViewController.m */; };
		991DF58F2818E86300FA4A08 /* AppDelegate.m in Sources */ = {isa = PBXBuildFile; fileRef = 991DF58C2818E86300FA4A08 /* AppDelegate.m */; };
		991DF5932818EA3B00FA4A08 /* GameViewController.m in Sources */ = {isa = PBXBuildFile; fileRef = 991DF5922818EA3A00FA4A08 /* GameViewController.m */; };
		991DF5BA2818ED0800FA4A08 /* NSObject+MH.m in Sources */ = {isa = PBXBuildFile; fileRef = 991DF5A22818ED0700FA4A08 /* NSObject+MH.m */; };
		991DF5C12818ED0800FA4A08 /* NSString+MH.m in Sources */ = {isa = PBXBuildFile; fileRef = 991DF5AC2818ED0800FA4A08 /* NSString+MH.m */; };
		991DF5C52818ED0800FA4A08 /* UIView+MH.m in Sources */ = {isa = PBXBuildFile; fileRef = 991DF5B42818ED0800FA4A08 /* UIView+MH.m */; };
		992E92782818F51C0043BC68 /* GameTopBar.m in Sources */ = {isa = PBXBuildFile; fileRef = 992E92772818F51C0043BC68 /* GameTopBar.m */; };
		992E927C2818F7850043BC68 /* icon-arrow-left.png in Resources */ = {isa = PBXBuildFile; fileRef = 992E927B2818F7850043BC68 /* icon-arrow-left.png */; };
		992E928028191E7B0043BC68 /* MHShader.m in Sources */ = {isa = PBXBuildFile; fileRef = 992E927F28191E7B0043BC68 /* MHShader.m */; };
		992E92832819289A0043BC68 /* MHTexture2D.m in Sources */ = {isa = PBXBuildFile; fileRef = 992E92822819289A0043BC68 /* MHTexture2D.m */; };
		992E928628192BB90043BC68 /* MHResourceManager.m in Sources */ = {isa = PBXBuildFile; fileRef = 992E928528192BB90043BC68 /* MHResourceManager.m */; };
		992E928928193ED60043BC68 /* MHGameView.m in Sources */ = {isa = PBXBuildFile; fileRef = 992E928828193ED60043BC68 /* MHGameView.m */; };
/* End PBXBuildFile section */

/* Begin PBXFileReference section */
		991DF56D2818E49B00FA4A08 /* Breakout.app */ = {isa = PBXFileReference; explicitFileType = wrapper.application; includeInIndex = 0; path = Breakout.app; sourceTree = BUILT_PRODUCTS_DIR; };
		991DF57A2818E49B00FA4A08 /* Base */ = {isa = PBXFileReference; lastKnownFileType = file.storyboard; name = Base; path = Base.lproj/Main.storyboard; sourceTree = "<group>"; };
		991DF57C2818E4A000FA4A08 /* Assets.xcassets */ = {isa = PBXFileReference; lastKnownFileType = folder.assetcatalog; path = Assets.xcassets; sourceTree = "<group>"; };
		991DF57F2818E4A000FA4A08 /* Base */ = {isa = PBXFileReference; lastKnownFileType = file.storyboard; name = Base; path = Base.lproj/LaunchScreen.storyboard; sourceTree = "<group>"; };
		991DF5812818E4A000FA4A08 /* Info.plist */ = {isa = PBXFileReference; lastKnownFileType = text.plist.xml; path = Info.plist; sourceTree = "<group>"; };
		991DF5822818E4A000FA4A08 /* main.m */ = {isa = PBXFileReference; lastKnownFileType = sourcecode.c.objc; path = main.m; sourceTree = "<group>"; };
		991DF58A2818E86300FA4A08 /* AppDelegate.h */ = {isa = PBXFileReference; fileEncoding = 4; lastKnownFileType = sourcecode.c.h; path = AppDelegate.h; sourceTree = "<group>"; };
		991DF58B2818E86300FA4A08 /* ViewController.m */ = {isa = PBXFileReference; fileEncoding = 4; lastKnownFileType = sourcecode.c.objc; path = ViewController.m; sourceTree = "<group>"; };
		991DF58C2818E86300FA4A08 /* AppDelegate.m */ = {isa = PBXFileReference; fileEncoding = 4; lastKnownFileType = sourcecode.c.objc; path = AppDelegate.m; sourceTree = "<group>"; };
		991DF58D2818E86300FA4A08 /* ViewController.h */ = {isa = PBXFileReference; fileEncoding = 4; lastKnownFileType = sourcecode.c.h; path = ViewController.h; sourceTree = "<group>"; };
		991DF5912818EA3A00FA4A08 /* GameViewController.h */ = {isa = PBXFileReference; lastKnownFileType = sourcecode.c.h; path = GameViewController.h; sourceTree = "<group>"; };
		991DF5922818EA3A00FA4A08 /* GameViewController.m */ = {isa = PBXFileReference; lastKnownFileType = sourcecode.c.objc; path = GameViewController.m; sourceTree = "<group>"; };
		991DF5952818EB5800FA4A08 /* GamePrefixHeader.pch */ = {isa = PBXFileReference; lastKnownFileType = sourcecode.c.h; path = GamePrefixHeader.pch; sourceTree = "<group>"; };
		991DF5972818EC3500FA4A08 /* GameAppConfig.h */ = {isa = PBXFileReference; lastKnownFileType = sourcecode.c.h; path = GameAppConfig.h; sourceTree = "<group>"; };
		991DF5982818ECA600FA4A08 /* GameColorConfig.h */ = {isa = PBXFileReference; lastKnownFileType = sourcecode.c.h; path = GameColorConfig.h; sourceTree = "<group>"; };
		991DF59D2818ED0700FA4A08 /* UIView+MH.h */ = {isa = PBXFileReference; fileEncoding = 4; lastKnownFileType = sourcecode.c.h; path = "UIView+MH.h"; sourceTree = "<group>"; };
		991DF59F2818ED0700FA4A08 /* NSString+MH.h */ = {isa = PBXFileReference; fileEncoding = 4; lastKnownFileType = sourcecode.c.h; path = "NSString+MH.h"; sourceTree = "<group>"; };
		991DF5A22818ED0700FA4A08 /* NSObject+MH.m */ = {isa = PBXFileReference; fileEncoding = 4; lastKnownFileType = sourcecode.c.objc; path = "NSObject+MH.m"; sourceTree = "<group>"; };
		991DF5AC2818ED0800FA4A08 /* NSString+MH.m */ = {isa = PBXFileReference; fileEncoding = 4; lastKnownFileType = sourcecode.c.objc; path = "NSString+MH.m"; sourceTree = "<group>"; };
		991DF5B42818ED0800FA4A08 /* UIView+MH.m */ = {isa = PBXFileReference; fileEncoding = 4; lastKnownFileType = sourcecode.c.objc; path = "UIView+MH.m"; sourceTree = "<group>"; };
		991DF5B62818ED0800FA4A08 /* NSObject+MH.h */ = {isa = PBXFileReference; fileEncoding = 4; lastKnownFileType = sourcecode.c.h; path = "NSObject+MH.h"; sourceTree = "<group>"; };
		992E92762818F51C0043BC68 /* GameTopBar.h */ = {isa = PBXFileReference; lastKnownFileType = sourcecode.c.h; path = GameTopBar.h; sourceTree = "<group>"; };
		992E92772818F51C0043BC68 /* GameTopBar.m */ = {isa = PBXFileReference; lastKnownFileType = sourcecode.c.objc; path = GameTopBar.m; sourceTree = "<group>"; };
		992E927B2818F7850043BC68 /* icon-arrow-left.png */ = {isa = PBXFileReference; lastKnownFileType = image.png; path = "icon-arrow-left.png"; sourceTree = "<group>"; };
		992E927E28191E7B0043BC68 /* MHShader.h */ = {isa = PBXFileReference; lastKnownFileType = sourcecode.c.h; path = MHShader.h; sourceTree = "<group>"; };
		992E927F28191E7B0043BC68 /* MHShader.m */ = {isa = PBXFileReference; lastKnownFileType = sourcecode.c.objc; path = MHShader.m; sourceTree = "<group>"; };
		992E92812819289A0043BC68 /* MHTexture2D.h */ = {isa = PBXFileReference; lastKnownFileType = sourcecode.c.h; path = MHTexture2D.h; sourceTree = "<group>"; };
		992E92822819289A0043BC68 /* MHTexture2D.m */ = {isa = PBXFileReference; lastKnownFileType = sourcecode.c.objc; path = MHTexture2D.m; sourceTree = "<group>"; };
		992E928428192BB90043BC68 /* MHResourceManager.h */ = {isa = PBXFileReference; lastKnownFileType = sourcecode.c.h; path = MHResourceManager.h; sourceTree = "<group>"; };
		992E928528192BB90043BC68 /* MHResourceManager.m */ = {isa = PBXFileReference; lastKnownFileType = sourcecode.c.objc; path = MHResourceManager.m; sourceTree = "<group>"; };
		992E928728193ED60043BC68 /* MHGameView.h */ = {isa = PBXFileReference; lastKnownFileType = sourcecode.c.h; path = MHGameView.h; sourceTree = "<group>"; };
		992E928828193ED60043BC68 /* MHGameView.m */ = {isa = PBXFileReference; lastKnownFileType = sourcecode.c.objc; path = MHGameView.m; sourceTree = "<group>"; };
/* End PBXFileReference section */

/* Begin PBXFrameworksBuildPhase section */
		991DF56A2818E49B00FA4A08 /* Frameworks */ = {
			isa = PBXFrameworksBuildPhase;
			buildActionMask = 2147483647;
			files = (
			);
			runOnlyForDeploymentPostprocessing = 0;
		};
/* End PBXFrameworksBuildPhase section */

/* Begin PBXGroup section */
		991DF5642818E49B00FA4A08 = {
			isa = PBXGroup;
			children = (
				991DF56F2818E49B00FA4A08 /* Breakout */,
				991DF56E2818E49B00FA4A08 /* Products */,
			);
			sourceTree = "<group>";
		};
		991DF56E2818E49B00FA4A08 /* Products */ = {
			isa = PBXGroup;
			children = (
				991DF56D2818E49B00FA4A08 /* Breakout.app */,
			);
			name = Products;
			sourceTree = "<group>";
		};
		991DF56F2818E49B00FA4A08 /* Breakout */ = {
			isa = PBXGroup;
			children = (
				992E92792818F75F0043BC68 /* Resource */,
				991DF5902818EA1D00FA4A08 /* Game */,
				991DF5892818E86300FA4A08 /* Main */,
				991DF5942818EB2B00FA4A08 /* Config */,
				991DF5992818ECF400FA4A08 /* Category */,
				991DF5792818E49B00FA4A08 /* Main.storyboard */,
				991DF57C2818E4A000FA4A08 /* Assets.xcassets */,
				991DF57E2818E4A000FA4A08 /* LaunchScreen.storyboard */,
				991DF5812818E4A000FA4A08 /* Info.plist */,
				991DF5822818E4A000FA4A08 /* main.m */,
			);
			path = Breakout;
			sourceTree = "<group>";
		};
		991DF5892818E86300FA4A08 /* Main */ = {
			isa = PBXGroup;
			children = (
				991DF58A2818E86300FA4A08 /* AppDelegate.h */,
				991DF58C2818E86300FA4A08 /* AppDelegate.m */,
				991DF58D2818E86300FA4A08 /* ViewController.h */,
				991DF58B2818E86300FA4A08 /* ViewController.m */,
			);
			path = Main;
			sourceTree = "<group>";
		};
		991DF5902818EA1D00FA4A08 /* Game */ = {
			isa = PBXGroup;
			children = (
				991DF5912818EA3A00FA4A08 /* GameViewController.h */,
				991DF5922818EA3A00FA4A08 /* GameViewController.m */,
				992E92752818F4F20043BC68 /* Views */,
				992E927D281912830043BC68 /* Tools */,
			);
			path = Game;
			sourceTree = "<group>";
		};
		991DF5942818EB2B00FA4A08 /* Config */ = {
			isa = PBXGroup;
			children = (
				991DF5952818EB5800FA4A08 /* GamePrefixHeader.pch */,
				991DF5972818EC3500FA4A08 /* GameAppConfig.h */,
				991DF5982818ECA600FA4A08 /* GameColorConfig.h */,
			);
			path = Config;
			sourceTree = "<group>";
		};
		991DF5992818ECF400FA4A08 /* Category */ = {
			isa = PBXGroup;
			children = (
				991DF5B62818ED0800FA4A08 /* NSObject+MH.h */,
				991DF5A22818ED0700FA4A08 /* NSObject+MH.m */,
				991DF59F2818ED0700FA4A08 /* NSString+MH.h */,
				991DF5AC2818ED0800FA4A08 /* NSString+MH.m */,
				991DF59D2818ED0700FA4A08 /* UIView+MH.h */,
				991DF5B42818ED0800FA4A08 /* UIView+MH.m */,
			);
			path = Category;
			sourceTree = "<group>";
		};
		992E92752818F4F20043BC68 /* Views */ = {
			isa = PBXGroup;
			children = (
				992E92762818F51C0043BC68 /* GameTopBar.h */,
				992E92772818F51C0043BC68 /* GameTopBar.m */,
				992E928728193ED60043BC68 /* MHGameView.h */,
				992E928828193ED60043BC68 /* MHGameView.m */,
			);
			path = Views;
			sourceTree = "<group>";
		};
		992E92792818F75F0043BC68 /* Resource */ = {
			isa = PBXGroup;
			children = (
				992E927A2818F76A0043BC68 /* Icons */,
			);
			path = Resource;
			sourceTree = "<group>";
		};
		992E927A2818F76A0043BC68 /* Icons */ = {
			isa = PBXGroup;
			children = (
				992E927B2818F7850043BC68 /* icon-arrow-left.png */,
			);
			path = Icons;
			sourceTree = "<group>";
		};
		992E927D281912830043BC68 /* Tools */ = {
			isa = PBXGroup;
			children = (
				992E927E28191E7B0043BC68 /* MHShader.h */,
				992E927F28191E7B0043BC68 /* MHShader.m */,
				992E92812819289A0043BC68 /* MHTexture2D.h */,
				992E92822819289A0043BC68 /* MHTexture2D.m */,
				992E928428192BB90043BC68 /* MHResourceManager.h */,
				992E928528192BB90043BC68 /* MHResourceManager.m */,
			);
			path = Tools;
			sourceTree = "<group>";
		};
/* End PBXGroup section */

/* Begin PBXNativeTarget section */
		991DF56C2818E49B00FA4A08 /* Breakout */ = {
			isa = PBXNativeTarget;
			buildConfigurationList = 991DF5862818E4A000FA4A08 /* Build configuration list for PBXNativeTarget "Breakout" */;
			buildPhases = (
				991DF5692818E49B00FA4A08 /* Sources */,
				991DF56A2818E49B00FA4A08 /* Frameworks */,
				991DF56B2818E49B00FA4A08 /* Resources */,
			);
			buildRules = (
			);
			dependencies = (
			);
			name = Breakout;
			productName = Breakout;
			productReference = 991DF56D2818E49B00FA4A08 /* Breakout.app */;
			productType = "com.apple.product-type.application";
		};
/* End PBXNativeTarget section */

/* Begin PBXProject section */
		991DF5652818E49B00FA4A08 /* Project object */ = {
			isa = PBXProject;
			attributes = {
				BuildIndependentTargetsInParallel = 1;
				LastUpgradeCheck = 1330;
				TargetAttributes = {
					991DF56C2818E49B00FA4A08 = {
						CreatedOnToolsVersion = 13.3.1;
					};
				};
			};
			buildConfigurationList = 991DF5682818E49B00FA4A08 /* Build configuration list for PBXProject "Breakout" */;
			compatibilityVersion = "Xcode 13.0";
			developmentRegion = en;
			hasScannedForEncodings = 0;
			knownRegions = (
				en,
				Base,
			);
			mainGroup = 991DF5642818E49B00FA4A08;
			productRefGroup = 991DF56E2818E49B00FA4A08 /* Products */;
			projectDirPath = "";
			projectRoot = "";
			targets = (
				991DF56C2818E49B00FA4A08 /* Breakout */,
			);
		};
/* End PBXProject section */

/* Begin PBXResourcesBuildPhase section */
		991DF56B2818E49B00FA4A08 /* Resources */ = {
			isa = PBXResourcesBuildPhase;
			buildActionMask = 2147483647;
			files = (
				991DF5802818E4A000FA4A08 /* LaunchScreen.storyboard in Resources */,
				991DF57D2818E4A000FA4A08 /* Assets.xcassets in Resources */,
				991DF57B2818E49B00FA4A08 /* Main.storyboard in Resources */,
				992E927C2818F7850043BC68 /* icon-arrow-left.png in Resources */,
			);
			runOnlyForDeploymentPostprocessing = 0;
		};
/* End PBXResourcesBuildPhase section */

/* Begin PBXSourcesBuildPhase section */
		991DF5692818E49B00FA4A08 /* Sources */ = {
			isa = PBXSourcesBuildPhase;
			buildActionMask = 2147483647;
			files = (
				991DF5932818EA3B00FA4A08 /* GameViewController.m in Sources */,
				992E92782818F51C0043BC68 /* GameTopBar.m in Sources */,
				992E928628192BB90043BC68 /* MHResourceManager.m in Sources */,
				991DF5BA2818ED0800FA4A08 /* NSObject+MH.m in Sources */,
				991DF58E2818E86300FA4A08 /* ViewController.m in Sources */,
				992E928928193ED60043BC68 /* MHGameView.m in Sources */,
				991DF5832818E4A000FA4A08 /* main.m in Sources */,
				991DF58F2818E86300FA4A08 /* AppDelegate.m in Sources */,
				992E92832819289A0043BC68 /* MHTexture2D.m in Sources */,
				991DF5C12818ED0800FA4A08 /* NSString+MH.m in Sources */,
				992E928028191E7B0043BC68 /* MHShader.m in Sources */,
				991DF5C52818ED0800FA4A08 /* UIView+MH.m in Sources */,
			);
			runOnlyForDeploymentPostprocessing = 0;
		};
/* End PBXSourcesBuildPhase section */

/* Begin PBXVariantGroup section */
		991DF5792818E49B00FA4A08 /* Main.storyboard */ = {
			isa = PBXVariantGroup;
			children = (
				991DF57A2818E49B00FA4A08 /* Base */,
			);
			name = Main.storyboard;
			sourceTree = "<group>";
		};
		991DF57E2818E4A000FA4A08 /* LaunchScreen.storyboard */ = {
			isa = PBXVariantGroup;
			children = (
				991DF57F2818E4A000FA4A08 /* Base */,
			);
			name = LaunchScreen.storyboard;
			sourceTree = "<group>";
		};
/* End PBXVariantGroup section */

/* Begin XCBuildConfiguration section */
		991DF5842818E4A000FA4A08 /* Debug */ = {
			isa = XCBuildConfiguration;
			buildSettings = {
				ALWAYS_SEARCH_USER_PATHS = NO;
				CLANG_ANALYZER_NONNULL = YES;
				CLANG_ANALYZER_NUMBER_OBJECT_CONVERSION = YES_AGGRESSIVE;
				CLANG_CXX_LANGUAGE_STANDARD = "gnu++17";
				CLANG_ENABLE_MODULES = YES;
				CLANG_ENABLE_OBJC_ARC = YES;
				CLANG_ENABLE_OBJC_WEAK = YES;
				CLANG_WARN_BLOCK_CAPTURE_AUTORELEASING = YES;
				CLANG_WARN_BOOL_CONVERSION = YES;
				CLANG_WARN_COMMA = YES;
				CLANG_WARN_CONSTANT_CONVERSION = YES;
				CLANG_WARN_DEPRECATED_OBJC_IMPLEMENTATIONS = YES;
				CLANG_WARN_DIRECT_OBJC_ISA_USAGE = YES_ERROR;
				CLANG_WARN_DOCUMENTATION_COMMENTS = YES;
				CLANG_WARN_EMPTY_BODY = YES;
				CLANG_WARN_ENUM_CONVERSION = YES;
				CLANG_WARN_INFINITE_RECURSION = YES;
				CLANG_WARN_INT_CONVERSION = YES;
				CLANG_WARN_NON_LITERAL_NULL_CONVERSION = YES;
				CLANG_WARN_OBJC_IMPLICIT_RETAIN_SELF = YES;
				CLANG_WARN_OBJC_LITERAL_CONVERSION = YES;
				CLANG_WARN_OBJC_ROOT_CLASS = YES_ERROR;
				CLANG_WARN_QUOTED_INCLUDE_IN_FRAMEWORK_HEADER = YES;
				CLANG_WARN_RANGE_LOOP_ANALYSIS = YES;
				CLANG_WARN_STRICT_PROTOTYPES = YES;
				CLANG_WARN_SUSPICIOUS_MOVE = YES;
				CLANG_WARN_UNGUARDED_AVAILABILITY = YES_AGGRESSIVE;
				CLANG_WARN_UNREACHABLE_CODE = YES;
				CLANG_WARN__DUPLICATE_METHOD_MATCH = YES;
				COPY_PHASE_STRIP = NO;
				DEBUG_INFORMATION_FORMAT = dwarf;
				ENABLE_STRICT_OBJC_MSGSEND = YES;
				ENABLE_TESTABILITY = YES;
				GCC_C_LANGUAGE_STANDARD = gnu11;
				GCC_DYNAMIC_NO_PIC = NO;
				GCC_NO_COMMON_BLOCKS = YES;
				GCC_OPTIMIZATION_LEVEL = 0;
				GCC_PREPROCESSOR_DEFINITIONS = (
					"DEBUG=1",
					"$(inherited)",
				);
				GCC_WARN_64_TO_32_BIT_CONVERSION = YES;
				GCC_WARN_ABOUT_RETURN_TYPE = YES_ERROR;
				GCC_WARN_UNDECLARED_SELECTOR = YES;
				GCC_WARN_UNINITIALIZED_AUTOS = YES_AGGRESSIVE;
				GCC_WARN_UNUSED_FUNCTION = YES;
				GCC_WARN_UNUSED_VARIABLE = YES;
				IPHONEOS_DEPLOYMENT_TARGET = 15.4;
				MTL_ENABLE_DEBUG_INFO = INCLUDE_SOURCE;
				MTL_FAST_MATH = YES;
				ONLY_ACTIVE_ARCH = YES;
				SDKROOT = iphoneos;
			};
			name = Debug;
		};
		991DF5852818E4A000FA4A08 /* Release */ = {
			isa = XCBuildConfiguration;
			buildSettings = {
				ALWAYS_SEARCH_USER_PATHS = NO;
				CLANG_ANALYZER_NONNULL = YES;
				CLANG_ANALYZER_NUMBER_OBJECT_CONVERSION = YES_AGGRESSIVE;
				CLANG_CXX_LANGUAGE_STANDARD = "gnu++17";
				CLANG_ENABLE_MODULES = YES;
				CLANG_ENABLE_OBJC_ARC = YES;
				CLANG_ENABLE_OBJC_WEAK = YES;
				CLANG_WARN_BLOCK_CAPTURE_AUTORELEASING = YES;
				CLANG_WARN_BOOL_CONVERSION = YES;
				CLANG_WARN_COMMA = YES;
				CLANG_WARN_CONSTANT_CONVERSION = YES;
				CLANG_WARN_DEPRECATED_OBJC_IMPLEMENTATIONS = YES;
				CLANG_WARN_DIRECT_OBJC_ISA_USAGE = YES_ERROR;
				CLANG_WARN_DOCUMENTATION_COMMENTS = YES;
				CLANG_WARN_EMPTY_BODY = YES;
				CLANG_WARN_ENUM_CONVERSION = YES;
				CLANG_WARN_INFINITE_RECURSION = YES;
				CLANG_WARN_INT_CONVERSION = YES;
				CLANG_WARN_NON_LITERAL_NULL_CONVERSION = YES;
				CLANG_WARN_OBJC_IMPLICIT_RETAIN_SELF = YES;
				CLANG_WARN_OBJC_LITERAL_CONVERSION = YES;
				CLANG_WARN_OBJC_ROOT_CLASS = YES_ERROR;
				CLANG_WARN_QUOTED_INCLUDE_IN_FRAMEWORK_HEADER = YES;
				CLANG_WARN_RANGE_LOOP_ANALYSIS = YES;
				CLANG_WARN_STRICT_PROTOTYPES = YES;
				CLANG_WARN_SUSPICIOUS_MOVE = YES;
				CLANG_WARN_UNGUARDED_AVAILABILITY = YES_AGGRESSIVE;
				CLANG_WARN_UNREACHABLE_CODE = YES;
				CLANG_WARN__DUPLICATE_METHOD_MATCH = YES;
				COPY_PHASE_STRIP = NO;
				DEBUG_INFORMATION_FORMAT = "dwarf-with-dsym";
				ENABLE_NS_ASSERTIONS = NO;
				ENABLE_STRICT_OBJC_MSGSEND = YES;
				GCC_C_LANGUAGE_STANDARD = gnu11;
				GCC_NO_COMMON_BLOCKS = YES;
				GCC_WARN_64_TO_32_BIT_CONVERSION = YES;
				GCC_WARN_ABOUT_RETURN_TYPE = YES_ERROR;
				GCC_WARN_UNDECLARED_SELECTOR = YES;
				GCC_WARN_UNINITIALIZED_AUTOS = YES_AGGRESSIVE;
				GCC_WARN_UNUSED_FUNCTION = YES;
				GCC_WARN_UNUSED_VARIABLE = YES;
				IPHONEOS_DEPLOYMENT_TARGET = 15.4;
				MTL_ENABLE_DEBUG_INFO = NO;
				MTL_FAST_MATH = YES;
				SDKROOT = iphoneos;
				VALIDATE_PRODUCT = YES;
			};
			name = Release;
		};
		991DF5872818E4A000FA4A08 /* Debug */ = {
			isa = XCBuildConfiguration;
			buildSettings = {
				ASSETCATALOG_COMPILER_APPICON_NAME = AppIcon;
				ASSETCATALOG_COMPILER_GLOBAL_ACCENT_COLOR_NAME = AccentColor;
				CODE_SIGN_STYLE = Automatic;
				CURRENT_PROJECT_VERSION = 1;
				DEVELOPMENT_TEAM = 79MJSMMJTD;
				GCC_PREFIX_HEADER = "$(SRCROOT)/Breakout/Config/GamePrefixHeader.pch";
				GENERATE_INFOPLIST_FILE = YES;
				INFOPLIST_FILE = Breakout/Info.plist;
				INFOPLIST_KEY_UIApplicationSupportsIndirectInputEvents = YES;
				INFOPLIST_KEY_UILaunchStoryboardName = LaunchScreen;
				INFOPLIST_KEY_UIMainStoryboardFile = Main;
				INFOPLIST_KEY_UISupportedInterfaceOrientations = UIInterfaceOrientationPortrait;
				INFOPLIST_KEY_UISupportedInterfaceOrientations_iPad = "UIInterfaceOrientationPortrait UIInterfaceOrientationPortraitUpsideDown UIInterfaceOrientationLandscapeLeft UIInterfaceOrientationLandscapeRight";
				INFOPLIST_KEY_UISupportedInterfaceOrientations_iPhone = "UIInterfaceOrientationPortrait UIInterfaceOrientationLandscapeLeft UIInterfaceOrientationLandscapeRight";
				IPHONEOS_DEPLOYMENT_TARGET = 12.0;
				LD_RUNPATH_SEARCH_PATHS = (
					"$(inherited)",
					"@executable_path/Frameworks",
				);
				MARKETING_VERSION = 1.0.0;
				PRODUCT_BUNDLE_IDENTIFIER = com.yxrobot.Breakout;
				PRODUCT_NAME = "$(TARGET_NAME)";
				SWIFT_EMIT_LOC_STRINGS = YES;
				TARGETED_DEVICE_FAMILY = 1;
			};
			name = Debug;
		};
		991DF5882818E4A000FA4A08 /* Release */ = {
			isa = XCBuildConfiguration;
			buildSettings = {
				ASSETCATALOG_COMPILER_APPICON_NAME = AppIcon;
				ASSETCATALOG_COMPILER_GLOBAL_ACCENT_COLOR_NAME = AccentColor;
				CODE_SIGN_STYLE = Automatic;
				CURRENT_PROJECT_VERSION = 1;
				DEVELOPMENT_TEAM = 79MJSMMJTD;
				GCC_PREFIX_HEADER = "$(SRCROOT)/Breakout/Config/GamePrefixHeader.pch";
				GENERATE_INFOPLIST_FILE = YES;
				INFOPLIST_FILE = Breakout/Info.plist;
				INFOPLIST_KEY_UIApplicationSupportsIndirectInputEvents = YES;
				INFOPLIST_KEY_UILaunchStoryboardName = LaunchScreen;
				INFOPLIST_KEY_UIMainStoryboardFile = Main;
				INFOPLIST_KEY_UISupportedInterfaceOrientations = UIInterfaceOrientationPortrait;
				INFOPLIST_KEY_UISupportedInterfaceOrientations_iPad = "UIInterfaceOrientationPortrait UIInterfaceOrientationPortraitUpsideDown UIInterfaceOrientationLandscapeLeft UIInterfaceOrientationLandscapeRight";
				INFOPLIST_KEY_UISupportedInterfaceOrientations_iPhone = "UIInterfaceOrientationPortrait UIInterfaceOrientationLandscapeLeft UIInterfaceOrientationLandscapeRight";
				IPHONEOS_DEPLOYMENT_TARGET = 12.0;
				LD_RUNPATH_SEARCH_PATHS = (
					"$(inherited)",
					"@executable_path/Frameworks",
				);
				MARKETING_VERSION = 1.0.0;
				PRODUCT_BUNDLE_IDENTIFIER = com.yxrobot.Breakout;
				PRODUCT_NAME = "$(TARGET_NAME)";
				SWIFT_EMIT_LOC_STRINGS = YES;
				TARGETED_DEVICE_FAMILY = 1;
			};
			name = Release;
		};
/* End XCBuildConfiguration section */

/* Begin XCConfigurationList section */
		991DF5682818E49B00FA4A08 /* Build configuration list for PBXProject "Breakout" */ = {
			isa = XCConfigurationList;
			buildConfigurations = (
				991DF5842818E4A000FA4A08 /* Debug */,
				991DF5852818E4A000FA4A08 /* Release */,
			);
			defaultConfigurationIsVisible = 0;
			defaultConfigurationName = Release;
		};
		991DF5862818E4A000FA4A08 /* Build configuration list for PBXNativeTarget "Breakout" */ = {
			isa = XCConfigurationList;
			buildConfigurations = (
				991DF5872818E4A000FA4A08 /* Debug */,
				991DF5882818E4A000FA4A08 /* Release */,
			);
			defaultConfigurationIsVisible = 0;
			defaultConfigurationName = Release;
		};
/* End XCConfigurationList section */
	};
	rootObject = 991DF5652818E49B00FA4A08 /* Project object */;
}
